
Microsoft Visual Studio Solution File, Format Version 12.00
# Visual Studio Version 17
VisualStudioVersion = 17.3.32929.385
MinimumVisualStudioVersion = 10.0.40219.1
Project("{9A19103F-16F7-4668-BE54-9A1E7A4F7556}") = "RMDWEB", "RMDWEB\RMDWEB.csproj", "{A50B5E01-F3CD-46BD-A751-08FDF298414E}"
EndProject
Global
	GlobalSection(SolutionConfigurationPlatforms) = preSolution
		Debug|Any CPU = Debug|Any CPU
		Release|Any CPU = Release|Any CPU
	EndGlobalSection
	GlobalSection(ProjectConfigurationPlatforms) = postSolution
		{A50B5E01-F3CD-46BD-A751-08FDF298414E}.Debug|Any CPU.ActiveCfg = Debug|Any CPU
		{A50B5E01-F3CD-46BD-A751-08FDF298414E}.Debug|Any CPU.Build.0 = Debug|Any CPU
		{A50B5E01-F3CD-46BD-A751-08FDF298414E}.Release|Any CPU.ActiveCfg = Release|Any CPU
		{A50B5E01-F3CD-46BD-A751-08FDF298414E}.Release|Any CPU.Build.0 = Release|Any CPU
	EndGlobalSection
	GlobalSection(SolutionProperties) = preSolution
		HideSolutionNode = FALSE
	EndGlobalSection
	GlobalSection(ExtensibilityGlobals) = postSolution
		SolutionGuid = {2C513A17-0686-4F03-9757-CA23050E962A}
	EndGlobalSection
EndGlobal
